
Microsoft Visual Studio Solution File, Format Version 12.00
# Visual Studio Version 16
VisualStudioVersion = 16.0.32413.511
MinimumVisualStudioVersion = 10.0.40219.1
Project("{FAE04EC0-301F-11D3-BF4B-00C04F79EFBC}") = "FoodStock.Common", "FoodStock.Common\FoodStock.Common.csproj", "{50DC2743-522A-4157-AA0B-8FD80CC6F0EE}"
EndProject
Project("{FAE04EC0-301F-11D3-BF4B-00C04F79EFBC}") = "FoodStock.CommonTests", "FoodStock.CommonTests\FoodStock.CommonTests.csproj", "{09228E9B-7CCA-466C-93D2-C81C9104228A}"
EndProject
Global
	GlobalSection(SolutionConfigurationPlatforms) = preSolution
		Debug|Any CPU = Debug|Any CPU
		Release|Any CPU = Release|Any CPU
	EndGlobalSection
	GlobalSection(ProjectConfigurationPlatforms) = postSolution
		{50DC2743-522A-4157-AA0B-8FD80CC6F0EE}.Debug|Any CPU.ActiveCfg = Debug|Any CPU
		{50DC2743-522A-4157-AA0B-8FD80CC6F0EE}.Debug|Any CPU.Build.0 = Debug|Any CPU
		{50DC2743-522A-4157-AA0B-8FD80CC6F0EE}.Release|Any CPU.ActiveCfg = Release|Any CPU
		{50DC2743-522A-4157-AA0B-8FD80CC6F0EE}.Release|Any CPU.Build.0 = Release|Any CPU
		{09228E9B-7CCA-466C-93D2-C81C9104228A}.Debug|Any CPU.ActiveCfg = Debug|Any CPU
		{09228E9B-7CCA-466C-93D2-C81C9104228A}.Debug|Any CPU.Build.0 = Debug|Any CPU
		{09228E9B-7CCA-466C-93D2-C81C9104228A}.Release|Any CPU.ActiveCfg = Release|Any CPU
		{09228E9B-7CCA-466C-93D2-C81C9104228A}.Release|Any CPU.Build.0 = Release|Any CPU
	EndGlobalSection
	GlobalSection(SolutionProperties) = preSolution
		HideSolutionNode = FALSE
	EndGlobalSection
	GlobalSection(ExtensibilityGlobals) = postSolution
		SolutionGuid = {C6DB9326-E234-448D-961D-4EC6311B984A}
	EndGlobalSection
EndGlobal
